// !$*UTF8*$!
{
	archiveVersion = 1;
	classes = {
	};
	objectVersion = 46;
	objects = {

/* Begin PBXBuildFile section */
		8BF863C61B6788BF0066178A /* main.m in Sources */ = {isa = PBXBuildFile; fileRef = 8BF863C51B6788BF0066178A /* main.m */; };
		8BF863C91B6788BF0066178A /* AppDelegate.m in Sources */ = {isa = PBXBuildFile; fileRef = 8BF863C81B6788BF0066178A /* AppDelegate.m */; };
		8BF863CC1B6788BF0066178A /* ViewController.m in Sources */ = {isa = PBXBuildFile; fileRef = 8BF863CB1B6788BF0066178A /* ViewController.m */; };
		8BF863CF1B6788BF0066178A /* Main.storyboard in Resources */ = {isa = PBXBuildFile; fileRef = 8BF863CD1B6788BF0066178A /* Main.storyboard */; };
		8BF863D11B6788BF0066178A /* Images.xcassets in Resources */ = {isa = PBXBuildFile; fileRef = 8BF863D01B6788BF0066178A /* Images.xcassets */; };
		8BF863D41B6788BF0066178A /* LaunchScreen.xib in Resources */ = {isa = PBXBuildFile; fileRef = 8BF863D21B6788BF0066178A /* LaunchScreen.xib */; };
		8BF863E01B6788BF0066178A /* FZValidationTextFieldTests.m in Sources */ = {isa = PBXBuildFile; fileRef = 8BF863DF1B6788BF0066178A /* FZValidationTextFieldTests.m */; };
/* End PBXBuildFile section */

/* Begin PBXContainerItemProxy section */
		8BF863DA1B6788BF0066178A /* PBXContainerItemProxy */ = {
			isa = PBXContainerItemProxy;
			containerPortal = 8BF863B81B6788BE0066178A /* Project object */;
			proxyType = 1;
			remoteGlobalIDString = 8BF863BF1B6788BF0066178A;
			remoteInfo = FZValidationTextField;
		};
/* End PBXContainerItemProxy section */

/* Begin PBXFileReference section */
		8BF863C01B6788BF0066178A /* FZValidationTextField.app */ = {isa = PBXFileReference; explicitFileType = wrapper.application; includeInIndex = 0; path = FZValidationTextField.app; sourceTree = BUILT_PRODUCTS_DIR; };
		8BF863C41B6788BF0066178A /* Info.plist */ = {isa = PBXFileReference; lastKnownFileType = text.plist.xml; path = Info.plist; sourceTree = "<group>"; };
		8BF863C51B6788BF0066178A /* main.m */ = {isa = PBXFileReference; lastKnownFileType = sourcecode.c.objc; path = main.m; sourceTree = "<group>"; };
		8BF863C71B6788BF0066178A /* AppDelegate.h */ = {isa = PBXFileReference; lastKnownFileType = sourcecode.c.h; path = AppDelegate.h; sourceTree = "<group>"; };
		8BF863C81B6788BF0066178A /* AppDelegate.m */ = {isa = PBXFileReference; lastKnownFileType = sourcecode.c.objc; path = AppDelegate.m; sourceTree = "<group>"; };
		8BF863CA1B6788BF0066178A /* ViewController.h */ = {isa = PBXFileReference; lastKnownFileType = sourcecode.c.h; path = ViewController.h; sourceTree = "<group>"; };
		8BF863CB1B6788BF0066178A /* ViewController.m */ = {isa = PBXFileReference; lastKnownFileType = sourcecode.c.objc; path = ViewController.m; sourceTree = "<group>"; };
		8BF863CE1B6788BF0066178A /* Base */ = {isa = PBXFileReference; lastKnownFileType = file.storyboard; name = Base; path = Base.lproj/Main.storyboard; sourceTree = "<group>"; };
		8BF863D01B6788BF0066178A /* Images.xcassets */ = {isa = PBXFileReference; lastKnownFileType = folder.assetcatalog; path = Images.xcassets; sourceTree = "<group>"; };
		8BF863D31B6788BF0066178A /* Base */ = {isa = PBXFileReference; lastKnownFileType = file.xib; name = Base; path = Base.lproj/LaunchScreen.xib; sourceTree = "<group>"; };
		8BF863D91B6788BF0066178A /* FZValidationTextFieldTests.xctest */ = {isa = PBXFileReference; explicitFileType = wrapper.cfbundle; includeInIndex = 0; path = FZValidationTextFieldTests.xctest; sourceTree = BUILT_PRODUCTS_DIR; };
		8BF863DE1B6788BF0066178A /* Info.plist */ = {isa = PBXFileReference; lastKnownFileType = text.plist.xml; path = Info.plist; sourceTree = "<group>"; };
		8BF863DF1B6788BF0066178A /* FZValidationTextFieldTests.m */ = {isa = PBXFileReference; lastKnownFileType = sourcecode.c.objc; path = FZValidationTextFieldTests.m; sourceTree = "<group>"; };
/* End PBXFileReference section */

/* Begin PBXFrameworksBuildPhase section */
		8BF863BD1B6788BF0066178A /* Frameworks */ = {
			isa = PBXFrameworksBuildPhase;
			buildActionMask = 2147483647;
			files = (
			);
			runOnlyForDeploymentPostprocessing = 0;
		};
		8BF863D61B6788BF0066178A /* Frameworks */ = {
			isa = PBXFrameworksBuildPhase;
			buildActionMask = 2147483647;
			files = (
			);
			runOnlyForDeploymentPostprocessing = 0;
		};
/* End PBXFrameworksBuildPhase section */

/* Begin PBXGroup section */
		8BF863B71B6788BE0066178A = {
			isa = PBXGroup;
			children = (
				8BF863C21B6788BF0066178A /* FZValidationTextField */,
				8BF863DC1B6788BF0066178A /* FZValidationTextFieldTests */,
				8BF863C11B6788BF0066178A /* Products */,
			);
			sourceTree = "<group>";
		};
		8BF863C11B6788BF0066178A /* Products */ = {
			isa = PBXGroup;
			children = (
				8BF863C01B6788BF0066178A /* FZValidationTextField.app */,
				8BF863D91B6788BF0066178A /* FZValidationTextFieldTests.xctest */,
			);
			name = Products;
			sourceTree = "<group>";
		};
		8BF863C21B6788BF0066178A /* FZValidationTextField */ = {
			isa = PBXGroup;
			children = (
				8BF863C71B6788BF0066178A /* AppDelegate.h */,
				8BF863C81B6788BF0066178A /* AppDelegate.m */,
				8BF863CA1B6788BF0066178A /* ViewController.h */,
				8BF863CB1B6788BF0066178A /* ViewController.m */,
				8BF863CD1B6788BF0066178A /* Main.storyboard */,
				8BF863D01B6788BF0066178A /* Images.xcassets */,
				8BF863D21B6788BF0066178A /* LaunchScreen.xib */,
				8BF863C31B6788BF0066178A /* Supporting Files */,
			);
			path = FZValidationTextField;
			sourceTree = "<group>";
		};
		8BF863C31B6788BF0066178A /* Supporting Files */ = {
			isa = PBXGroup;
			children = (
				8BF863C41B6788BF0066178A /* Info.plist */,
				8BF863C51B6788BF0066178A /* main.m */,
			);
			name = "Supporting Files";
			sourceTree = "<group>";
		};
		8BF863DC1B6788BF0066178A /* FZValidationTextFieldTests */ = {
			isa = PBXGroup;
			children = (
				8BF863DF1B6788BF0066178A /* FZValidationTextFieldTests.m */,
				8BF863DD1B6788BF0066178A /* Supporting Files */,
			);
			path = FZValidationTextFieldTests;
			sourceTree = "<group>";
		};
		8BF863DD1B6788BF0066178A /* Supporting Files */ = {
			isa = PBXGroup;
			children = (
				8BF863DE1B6788BF0066178A /* Info.plist */,
			);
			name = "Supporting Files";
			sourceTree = "<group>";
		};
/* End PBXGroup section */

/* Begin PBXNativeTarget section */
		8BF863BF1B6788BF0066178A /* FZValidationTextField */ = {
			isa = PBXNativeTarget;
			buildConfigurationList = 8BF863E31B6788BF0066178A /* Build configuration list for PBXNativeTarget "FZValidationTextField" */;
			buildPhases = (
				8BF863BC1B6788BF0066178A /* Sources */,
				8BF863BD1B6788BF0066178A /* Frameworks */,
				8BF863BE1B6788BF0066178A /* Resources */,
			);
			buildRules = (
			);
			dependencies = (
			);
			name = FZValidationTextField;
			productName = FZValidationTextField;
			productReference = 8BF863C01B6788BF0066178A /* FZValidationTextField.app */;
			productType = "com.apple.product-type.application";
		};
		8BF863D81B6788BF0066178A /* FZValidationTextFieldTests */ = {
			isa = PBXNativeTarget;
			buildConfigurationList = 8BF863E61B6788BF0066178A /* Build configuration list for PBXNativeTarget "FZValidationTextFieldTests" */;
			buildPhases = (
				8BF863D51B6788BF0066178A /* Sources */,
				8BF863D61B6788BF0066178A /* Frameworks */,
				8BF863D71B6788BF0066178A /* Resources */,
			);
			buildRules = (
			);
			dependencies = (
				8BF863DB1B6788BF0066178A /* PBXTargetDependency */,
			);
			name = FZValidationTextFieldTests;
			productName = FZValidationTextFieldTests;
			productReference = 8BF863D91B6788BF0066178A /* FZValidationTextFieldTests.xctest */;
			productType = "com.apple.product-type.bundle.unit-test";
		};
/* End PBXNativeTarget section */

/* Begin PBXProject section */
		8BF863B81B6788BE0066178A /* Project object */ = {
			isa = PBXProject;
			attributes = {
				LastUpgradeCheck = 0630;
				ORGANIZATIONNAME = V7iTech;
				TargetAttributes = {
					8BF863BF1B6788BF0066178A = {
						CreatedOnToolsVersion = 6.3.2;
					};
					8BF863D81B6788BF0066178A = {
						CreatedOnToolsVersion = 6.3.2;
						TestTargetID = 8BF863BF1B6788BF0066178A;
					};
				};
			};
			buildConfigurationList = 8BF863BB1B6788BE0066178A /* Build configuration list for PBXProject "FZValidationTextField" */;
			compatibilityVersion = "Xcode 3.2";
			developmentRegion = English;
			hasScannedForEncodings = 0;
			knownRegions = (
				en,
				Base,
			);
			mainGroup = 8BF863B71B6788BE0066178A;
			productRefGroup = 8BF863C11B6788BF0066178A /* Products */;
			projectDirPath = "";
			projectRoot = "";
			targets = (
				8BF863BF1B6788BF0066178A /* FZValidationTextField */,
				8BF863D81B6788BF0066178A /* FZValidationTextFieldTests */,
			);
		};
/* End PBXProject section */

/* Begin PBXResourcesBuildPhase section */
		8BF863BE1B6788BF0066178A /* Resources */ = {
			isa = PBXResourcesBuildPhase;
			buildActionMask = 2147483647;
			files = (
				8BF863CF1B6788BF0066178A /* Main.storyboard in Resources */,
				8BF863D41B6788BF0066178A /* LaunchScreen.xib in Resources */,
				8BF863D11B6788BF0066178A /* Images.xcassets in Resources */,
			);
			runOnlyForDeploymentPostprocessing = 0;
		};
		8BF863D71B6788BF0066178A /* Resources */ = {
			isa = PBXResourcesBuildPhase;
			buildActionMask = 2147483647;
			files = (
			);
			runOnlyForDeploymentPostprocessing = 0;
		};
/* End PBXResourcesBuildPhase section */

/* Begin PBXSourcesBuildPhase section */
		8BF863BC1B6788BF0066178A /* Sources */ = {
			isa = PBXSourcesBuildPhase;
			buildActionMask = 2147483647;
			files = (
				8BF863CC1B6788BF0066178A /* ViewController.m in Sources */,
				8BF863C91B6788BF0066178A /* AppDelegate.m in Sources */,
				8BF863C61B6788BF0066178A /* main.m in Sources */,
			);
			runOnlyForDeploymentPostprocessing = 0;
		};
		8BF863D51B6788BF0066178A /* Sources */ = {
			isa = PBXSourcesBuildPhase;
			buildActionMask = 2147483647;
			files = (
				8BF863E01B6788BF0066178A /* FZValidationTextFieldTests.m in Sources */,
			);
			runOnlyForDeploymentPostprocessing = 0;
		};
/* End PBXSourcesBuildPhase section */

/* Begin PBXTargetDependency section */
		8BF863DB1B6788BF0066178A /* PBXTargetDependency */ = {
			isa = PBXTargetDependency;
			target = 8BF863BF1B6788BF0066178A /* FZValidationTextField */;
			targetProxy = 8BF863DA1B6788BF0066178A /* PBXContainerItemProxy */;
		};
/* End PBXTargetDependency section */

/* Begin PBXVariantGroup section */
		8BF863CD1B6788BF0066178A /* Main.storyboard */ = {
			isa = PBXVariantGroup;
			children = (
				8BF863CE1B6788BF0066178A /* Base */,
			);
			name = Main.storyboard;
			sourceTree = "<group>";
		};
		8BF863D21B6788BF0066178A /* LaunchScreen.xib */ = {
			isa = PBXVariantGroup;
			children = (
				8BF863D31B6788BF0066178A /* Base */,
			);
			name = LaunchScreen.xib;
			sourceTree = "<group>";
		};
/* End PBXVariantGroup section */

/* Begin XCBuildConfiguration section */
		8BF863E11B6788BF0066178A /* Debug */ = {
			isa = XCBuildConfiguration;
			buildSettings = {
				ALWAYS_SEARCH_USER_PATHS = NO;
				CLANG_CXX_LANGUAGE_STANDARD = "gnu++0x";
				CLANG_CXX_LIBRARY = "libc++";
				CLANG_ENABLE_MODULES = YES;
				CLANG_ENABLE_OBJC_ARC = YES;
				CLANG_WARN_BOOL_CONVERSION = YES;
				CLANG_WARN_CONSTANT_CONVERSION = YES;
				CLANG_WARN_DIRECT_OBJC_ISA_USAGE = YES_ERROR;
				CLANG_WARN_EMPTY_BODY = YES;
				CLANG_WARN_ENUM_CONVERSION = YES;
				CLANG_WARN_INT_CONVERSION = YES;
				CLANG_WARN_OBJC_ROOT_CLASS = YES_ERROR;
				CLANG_WARN_UNREACHABLE_CODE = YES;
				CLANG_WARN__DUPLICATE_METHOD_MATCH = YES;
				"CODE_SIGN_IDENTITY[sdk=iphoneos*]" = "iPhone Developer";
				COPY_PHASE_STRIP = NO;
				DEBUG_INFORMATION_FORMAT = "dwarf-with-dsym";
				ENABLE_STRICT_OBJC_MSGSEND = YES;
				GCC_C_LANGUAGE_STANDARD = gnu99;
				GCC_DYNAMIC_NO_PIC = NO;
				GCC_NO_COMMON_BLOCKS = YES;
				GCC_OPTIMIZATION_LEVEL = 0;
				GCC_PREPROCESSOR_DEFINITIONS = (
					"DEBUG=1",
					"$(inherited)",
				);
				GCC_SYMBOLS_PRIVATE_EXTERN = NO;
				GCC_WARN_64_TO_32_BIT_CONVERSION = YES;
				GCC_WARN_ABOUT_RETURN_TYPE = YES_ERROR;
				GCC_WARN_UNDECLARED_SELECTOR = YES;
				GCC_WARN_UNINITIALIZED_AUTOS = YES_AGGRESSIVE;
				GCC_WARN_UNUSED_FUNCTION = YES;
				GCC_WARN_UNUSED_VARIABLE = YES;
				IPHONEOS_DEPLOYMENT_TARGET = 8.3;
				MTL_ENABLE_DEBUG_INFO = YES;
				ONLY_ACTIVE_ARCH = YES;
				SDKROOT = iphoneos;
			};
			name = Debug;
		};
		8BF863E21B6788BF0066178A /* Release */ = {
			isa = XCBuildConfiguration;
			buildSettings = {
				ALWAYS_SEARCH_USER_PATHS = NO;
				CLANG_CXX_LANGUAGE_STANDARD = "gnu++0x";
				CLANG_CXX_LIBRARY = "libc++";
				CLANG_ENABLE_MODULES = YES;
				CLANG_ENABLE_OBJC_ARC = YES;
				CLANG_WARN_BOOL_CONVERSION = YES;
				CLANG_WARN_CONSTANT_CONVERSION = YES;
				CLANG_WARN_DIRECT_OBJC_ISA_USAGE = YES_ERROR;
				CLANG_WARN_EMPTY_BODY = YES;
				CLANG_WARN_ENUM_CONVERSION = YES;
				CLANG_WARN_INT_CONVERSION = YES;
				CLANG_WARN_OBJC_ROOT_CLASS = YES_ERROR;
				CLANG_WARN_UNREACHABLE_CODE = YES;
				CLANG_WARN__DUPLICATE_METHOD_MATCH = YES;
				"CODE_SIGN_IDENTITY[sdk=iphoneos*]" = "iPhone Developer";
				COPY_PHASE_STRIP = NO;
				DEBUG_INFORMATION_FORMAT = "dwarf-with-dsym";
				ENABLE_NS_ASSERTIONS = NO;
				ENABLE_STRICT_OBJC_MSGSEND = YES;
				GCC_C_LANGUAGE_STANDARD = gnu99;
				GCC_NO_COMMON_BLOCKS = YES;
				GCC_WARN_64_TO_32_BIT_CONVERSION = YES;
				GCC_WARN_ABOUT_RETURN_TYPE = YES_ERROR;
				GCC_WARN_UNDECLARED_SELECTOR = YES;
				GCC_WARN_UNINITIALIZED_AUTOS = YES_AGGRESSIVE;
				GCC_WARN_UNUSED_FUNCTION = YES;
				GCC_WARN_UNUSED_VARIABLE = YES;
				IPHONEOS_DEPLOYMENT_TARGET = 8.3;
				MTL_ENABLE_DEBUG_INFO = NO;
				SDKROOT = iphoneos;
				VALIDATE_PRODUCT = YES;
			};
			name = Release;
		};
		8BF863E41B6788BF0066178A /* Debug */ = {
			isa = XCBuildConfiguration;
			buildSettings = {
				ASSETCATALOG_COMPILER_APPICON_NAME = AppIcon;
				INFOPLIST_FILE = FZValidationTextField/Info.plist;
				LD_RUNPATH_SEARCH_PATHS = "$(inherited) @executable_path/Frameworks";
				PRODUCT_NAME = "$(TARGET_NAME)";
			};
			name = Debug;
		};
		8BF863E51B6788BF0066178A /* Release */ = {
			isa = XCBuildConfiguration;
			buildSettings = {
				ASSETCATALOG_COMPILER_APPICON_NAME = AppIcon;
				INFOPLIST_FILE = FZValidationTextField/Info.plist;
				LD_RUNPATH_SEARCH_PATHS = "$(inherited) @executable_path/Frameworks";
				PRODUCT_NAME = "$(TARGET_NAME)";
			};
			name = Release;
		};
		8BF863E71B6788BF0066178A /* Debug */ = {
			isa = XCBuildConfiguration;
			buildSettings = {
				BUNDLE_LOADER = "$(TEST_HOST)";
				FRAMEWORK_SEARCH_PATHS = (
					"$(SDKROOT)/Developer/Library/Frameworks",
					"$(inherited)",
				);
				GCC_PREPROCESSOR_DEFINITIONS = (
					"DEBUG=1",
					"$(inherited)",
				);
				INFOPLIST_FILE = FZValidationTextFieldTests/Info.plist;
				LD_RUNPATH_SEARCH_PATHS = "$(inherited) @executable_path/Frameworks @loader_path/Frameworks";
				PRODUCT_NAME = "$(TARGET_NAME)";
				TEST_HOST = "$(BUILT_PRODUCTS_DIR)/FZValidationTextField.app/FZValidationTextField";
			};
			name = Debug;
		};
		8BF863E81B6788BF0066178A /* Release */ = {
			isa = XCBuildConfiguration;
			buildSettings = {
				BUNDLE_LOADER = "$(TEST_HOST)";
				FRAMEWORK_SEARCH_PATHS = (
					"$(SDKROOT)/Developer/Library/Frameworks",
					"$(inherited)",
				);
				INFOPLIST_FILE = FZValidationTextFieldTests/Info.plist;
				LD_RUNPATH_SEARCH_PATHS = "$(inherited) @executable_path/Frameworks @loader_path/Frameworks";
				PRODUCT_NAME = "$(TARGET_NAME)";
				TEST_HOST = "$(BUILT_PRODUCTS_DIR)/FZValidationTextField.app/FZValidationTextField";
			};
			name = Release;
		};
/* End XCBuildConfiguration section */

/* Begin XCConfigurationList section */
		8BF863BB1B6788BE0066178A /* Build configuration list for PBXProject "FZValidationTextField" */ = {
			isa = XCConfigurationList;
			buildConfigurations = (
				8BF863E11B6788BF0066178A /* Debug */,
				8BF863E21B6788BF0066178A /* Release */,
			);
			defaultConfigurationIsVisible = 0;
			defaultConfigurationName = Release;
		};
		8BF863E31B6788BF0066178A /* Build configuration list for PBXNativeTarget "FZValidationTextField" */ = {
			isa = XCConfigurationList;
			buildConfigurations = (
				8BF863E41B6788BF0066178A /* Debug */,
				8BF863E51B6788BF0066178A /* Release */,
			);
			defaultConfigurationIsVisible = 0;
		};
		8BF863E61B6788BF0066178A /* Build configuration list for PBXNativeTarget "FZValidationTextFieldTests" */ = {
			isa = XCConfigurationList;
			buildConfigurations = (
				8BF863E71B6788BF0066178A /* Debug */,
				8BF863E81B6788BF0066178A /* Release */,
			);
			defaultConfigurationIsVisible = 0;
		};
/* End XCConfigurationList section */
	};
	rootObject = 8BF863B81B6788BE0066178A /* Project object */;
}
